{
  "name": "wechat",
  "version": "1.0.0",
  "lockfileVersion": 1,
  "requires": true,
  "dependencies": {
    "axios": {
      "version": "0.15.3",
      "resolved": "http://registry.npm.taobao.org/axios/download/axios-0.15.3.tgz",
      "dependencies": {
        "follow-redirects": {
          "version": "http://registry.npm.taobao.org/follow-redirects/download/follow-redirects-1.0.0.tgz",
          "bundled": true
        }
      }
    },
    "bl": {
      "version": "1.2.2",
      "resolved": "http://registry.npm.taobao.org/bl/download/bl-1.2.2.tgz",
      "dependencies": {
        "readable-stream": {
          "version": "http://registry.npm.taobao.org/readable-stream/download/readable-stream-2.3.6.tgz",
          "bundled": true
        },
        "safe-buffer": {
          "version": "http://registry.npm.taobao.org/safe-buffer/download/safe-buffer-5.1.2.tgz",
          "bundled": true
        }
      }
    },
    "form-data": {
      "version": "2.3.3",
      "resolved": "http://registry.npm.taobao.org/form-data/download/form-data-2.3.3.tgz",
      "dependencies": {
        "asynckit": {
          "version": "http://registry.npm.taobao.org/asynckit/download/asynckit-0.4.0.tgz",
          "bundled": true
        },
        "combined-stream": {
          "version": "http://registry.npm.taobao.org/combined-stream/download/combined-stream-1.0.7.tgz",
          "bundled": true
        },
        "mime-types": {
          "version": "http://registry.npm.taobao.org/mime-types/download/mime-types-2.1.22.tgz",
          "bundled": true
        }
      }
    },
    "lodash": {
      "version": "4.17.11",
      "resolved": "http://registry.npm.taobao.org/lodash/download/lodash-4.17.11.tgz"
    },
    "qrcode-terminal": {
      "version": "0.12.0",
      "resolved": "http://registry.npm.taobao.org/qrcode-terminal/download/qrcode-terminal-0.12.0.tgz"
    },
    "superagent": {
      "version": "4.1.0",
      "resolved": "http://registry.npm.taobao.org/superagent/download/superagent-4.1.0.tgz",
      "requires": {
        "form-data": "^2.3.3"
      },
      "dependencies": {
        "component-emitter": {
          "version": "http://registry.npm.taobao.org/component-emitter/download/component-emitter-1.2.1.tgz",
          "bundled": true
        },
        "cookiejar": {
          "version": "http://registry.npm.taobao.org/cookiejar/download/cookiejar-2.1.2.tgz",
          "bundled": true
        },
        "debug": {
          "version": "http://registry.npm.taobao.org/debug/download/debug-4.1.1.tgz",
          "bundled": true
        },
        "form-data": {
          "version": "http://registry.npm.taobao.org/form-data/download/form-data-2.3.3.tgz",
          "bundled": true,
          "dependencies": {
            "asynckit": {
              "version": "http://registry.npm.taobao.org/asynckit/download/asynckit-0.4.0.tgz",
              "bundled": true
            },
            "combined-stream": {
              "version": "http://registry.npm.taobao.org/combined-stream/download/combined-stream-1.0.7.tgz",
              "bundled": true
            },
            "mime-types": {
              "version": "http://registry.npm.taobao.org/mime-types/download/mime-types-2.1.22.tgz",
              "bundled": true
            }
          }
        },
        "formidable": {
          "version": "http://registry.npm.taobao.org/formidable/download/formidable-1.2.1.tgz",
          "bundled": true
        },
        "methods": {
          "version": "http://registry.npm.taobao.org/methods/download/methods-1.1.2.tgz",
          "bundled": true
        },
        "mime": {
          "version": "http://registry.npm.taobao.org/mime/download/mime-2.4.0.tgz",
          "bundled": true
        },
        "qs": {
          "version": "http://registry.npm.taobao.org/qs/download/qs-6.6.0.tgz",
          "bundled": true
        },
        "readable-stream": {
          "version": "http://registry.npm.taobao.org/readable-stream/download/readable-stream-3.2.0.tgz",
          "bundled": true
        }
      }
    },
    "wechat4u": {
      "version": "0.7.7",
      "resolved": "https://registry.npmjs.org/wechat4u/-/wechat4u-0.7.7.tgz",
      "integrity": "sha512-8EzRGo+KJgS5SkVTXnxB2QNQZwxiyxfVPnrq/Kq8uwCKB0yqU4rPqFc65chqviR4jzOR9PjuVoNLFFPLUFDVXA==",
      "requires": {
        "axios": "^0.15.3",
        "bl": "^1.1.2",
        "debug": "^2.2.0",
        "form-data": "^2.1.2",
        "lodash": "^4.17.11",
        "mime": "^1.3.4"
      },
      "dependencies": {
        "debug": {
          "version": "2.6.9",
          "resolved": "https://registry.npmjs.org/debug/-/debug-2.6.9.tgz",
          "integrity": "sha512-bC7ElrdJaJnPbAP+1EotYvqZsb3ecl5wi6Bfi6BJTUcNowp6cvspg0jXznRTKDjm/E7AdgFBVeAPVMNcKGsHMA=="
        },
        "mime": {
          "version": "1.6.0",
          "resolved": "https://registry.npmjs.org/mime/-/mime-1.6.0.tgz",
          "integrity": "sha512-x0Vn8spI+wuJ1O6S7gnbaQg8Pxh4NNHb7KSINmEWKiPE4RKOplvijn+NkmYmmRgP68mc70j2EbeTFRsrswaQeg=="
        }
      }
    }
  }
}
